<?xml version="1.0" encoding="utf-8"?>
<Project ToolsVersion="4.0" xmlns="http://schemas.microsoft.com/developer/msbuild/2003">
  <ItemGroup>
    <Filter Include="main">
      <UniqueIdentifier>{e85987d0-4e77-408c-a686-441e4020b8bd}</UniqueIdentifier>
    </Filter>
    <Filter Include="Generated">
      <UniqueIdentifier>{a4ffb3c6-af06-4bab-9af5-5c8fa56a83f3}</UniqueIdentifier>
    </Filter>
  </ItemGroup>
  <ItemGroup>
    <ClCompile Include="Program.cpp">
      <Filter>main</Filter>
    </ClCompile>
    <ClCompile Include="stdafx.cpp" />
  </ItemGroup>
  <ItemGroup>
    <ClInclude Include="stdafx.h" />
    <ClInclude Include="..\..\Generated\GeneratedPacketFactory.h">
      <Filter>Generated</Filter>
    </ClInclude>
    <ClInclude Include="..\..\Generated\GeneratedPacketStruct.h">
      <Filter>Generated</Filter>
    </ClInclude>
    <ClInclude Include="..\..\Generated\GeneratedPacketType.h">
      <Filter>Generated</Filter>
    </ClInclude>
  </ItemGroup>
</Project>